
Microsoft Visual Studio Solution File, Format Version 12.00
# Visual Studio 14
VisualStudioVersion = 14.0.25420.1
MinimumVisualStudioVersion = 10.0.40219.1
Project("{FAE04EC0-301F-11D3-BF4B-00C04F79EFBC}") = "CaculateBMI", "CaculateBMI\CaculateBMI.csproj", "{CF1D74DD-EB10-439A-8992-8EC03EEC6F78}"
EndProject
Project("{FAE04EC0-301F-11D3-BF4B-00C04F79EFBC}") = "CaculateBMI002", "CaculateBMI02\CaculateBMI002.csproj", "{1AD93DA6-B6BE-4D4B-A655-AFC5A5742724}"
EndProject
Project("{FAE04EC0-301F-11D3-BF4B-00C04F79EFBC}") = "CaculateBMI003", "CaculateBMI003\CaculateBMI003.csproj", "{C9241E6D-5612-4B22-8F28-F8FCB2CE2B4E}"
EndProject
Project("{FAE04EC0-301F-11D3-BF4B-00C04F79EFBC}") = "CaculateBMI004", "CaculateBMI004\CaculateBMI004.csproj", "{58C2EE1B-69E4-43E2-A07D-28E7A47F9D24}"
EndProject
Project("{FAE04EC0-301F-11D3-BF4B-00C04F79EFBC}") = "CaculateBMI005", "CaculateBMI005\CaculateBMI005.csproj", "{35C69723-CCC4-416F-AF1B-FF6A8332887E}"
EndProject
Global
	GlobalSection(SolutionConfigurationPlatforms) = preSolution
		Debug|Any CPU = Debug|Any CPU
		Release|Any CPU = Release|Any CPU
	EndGlobalSection
	GlobalSection(ProjectConfigurationPlatforms) = postSolution
		{CF1D74DD-EB10-439A-8992-8EC03EEC6F78}.Debug|Any CPU.ActiveCfg = Debug|Any CPU
		{CF1D74DD-EB10-439A-8992-8EC03EEC6F78}.Debug|Any CPU.Build.0 = Debug|Any CPU
		{CF1D74DD-EB10-439A-8992-8EC03EEC6F78}.Release|Any CPU.ActiveCfg = Release|Any CPU
		{CF1D74DD-EB10-439A-8992-8EC03EEC6F78}.Release|Any CPU.Build.0 = Release|Any CPU
		{1AD93DA6-B6BE-4D4B-A655-AFC5A5742724}.Debug|Any CPU.ActiveCfg = Debug|Any CPU
		{1AD93DA6-B6BE-4D4B-A655-AFC5A5742724}.Debug|Any CPU.Build.0 = Debug|Any CPU
		{1AD93DA6-B6BE-4D4B-A655-AFC5A5742724}.Release|Any CPU.ActiveCfg = Release|Any CPU
		{1AD93DA6-B6BE-4D4B-A655-AFC5A5742724}.Release|Any CPU.Build.0 = Release|Any CPU
		{C9241E6D-5612-4B22-8F28-F8FCB2CE2B4E}.Debug|Any CPU.ActiveCfg = Debug|Any CPU
		{C9241E6D-5612-4B22-8F28-F8FCB2CE2B4E}.Debug|Any CPU.Build.0 = Debug|Any CPU
		{C9241E6D-5612-4B22-8F28-F8FCB2CE2B4E}.Release|Any CPU.ActiveCfg = Release|Any CPU
		{C9241E6D-5612-4B22-8F28-F8FCB2CE2B4E}.Release|Any CPU.Build.0 = Release|Any CPU
		{58C2EE1B-69E4-43E2-A07D-28E7A47F9D24}.Debug|Any CPU.ActiveCfg = Debug|Any CPU
		{58C2EE1B-69E4-43E2-A07D-28E7A47F9D24}.Debug|Any CPU.Build.0 = Debug|Any CPU
		{58C2EE1B-69E4-43E2-A07D-28E7A47F9D24}.Release|Any CPU.ActiveCfg = Release|Any CPU
		{58C2EE1B-69E4-43E2-A07D-28E7A47F9D24}.Release|Any CPU.Build.0 = Release|Any CPU
		{35C69723-CCC4-416F-AF1B-FF6A8332887E}.Debug|Any CPU.ActiveCfg = Debug|Any CPU
		{35C69723-CCC4-416F-AF1B-FF6A8332887E}.Debug|Any CPU.Build.0 = Debug|Any CPU
		{35C69723-CCC4-416F-AF1B-FF6A8332887E}.Release|Any CPU.ActiveCfg = Release|Any CPU
		{35C69723-CCC4-416F-AF1B-FF6A8332887E}.Release|Any CPU.Build.0 = Release|Any CPU
	EndGlobalSection
	GlobalSection(SolutionProperties) = preSolution
		HideSolutionNode = FALSE
	EndGlobalSection
EndGlobal
